
Microsoft Visual Studio Solution File, Format Version 12.00
# Visual Studio Version 16
VisualStudioVersion = 16.0.30804.86
MinimumVisualStudioVersion = 10.0.40219.1
Project("{8BC9CEB8-8B4A-11D0-8D11-00A0C91BC942}") = "Lab0", "Lab0.vcxproj", "{5EE2F204-B321-4132-94B9-D0DA3DA3AEC3}"
EndProject
Project("{8BC9CEB8-8B4A-11D0-8D11-00A0C91BC942}") = "Lab1", "lab1\Project1\Project1.vcxproj", "{5EB036A5-2D62-4A4C-AB1D-874CD38C27CB}"
EndProject
Project("{8BC9CEB8-8B4A-11D0-8D11-00A0C91BC942}") = "Lab2.1", "Lab2.1\Lab2.1.vcxproj", "{CCF45C5D-62FB-421C-B09A-6CB6A81EEDBA}"
EndProject
Project("{8BC9CEB8-8B4A-11D0-8D11-00A0C91BC942}") = "Lab2.2", "Lab2.2\Lab2.2.vcxproj", "{5E6E9743-DD17-40AE-827B-F4F97E71A57D}"
EndProject
Project("{8BC9CEB8-8B4A-11D0-8D11-00A0C91BC942}") = "lab3.1", "Lab3\Project1\Lab3.vcxproj", "{1EC10D0E-C7AB-4F5A-A8CA-08F08CA435E4}"
EndProject
Project("{8BC9CEB8-8B4A-11D0-8D11-00A0C91BC942}") = "Lab4.1", "Lab4\Lab4.1.vcxproj", "{DC89B19A-0FF3-4632-9E49-4AC5149B20C7}"
EndProject
Project("{FAE04EC0-301F-11D3-BF4B-00C04F79EFBC}") = "Lab5", "Lab5\lab5\Lab5.csproj", "{F499106A-135E-4181-939D-54B8DD69F9D4}"
EndProject
Project("{FAE04EC0-301F-11D3-BF4B-00C04F79EFBC}") = "Lab6", "Lab6\lab6\Lab6.csproj", "{363C7468-8FB5-4055-ACDB-6DD4085B96A6}"
EndProject
Global
	GlobalSection(SolutionConfigurationPlatforms) = preSolution
		Debug|ARM = Debug|ARM
		Debug|ARM64 = Debug|ARM64
		Debug|x64 = Debug|x64
		Debug|x86 = Debug|x86
		Release|ARM = Release|ARM
		Release|ARM64 = Release|ARM64
		Release|x64 = Release|x64
		Release|x86 = Release|x86
	EndGlobalSection
	GlobalSection(ProjectConfigurationPlatforms) = postSolution
		{5EE2F204-B321-4132-94B9-D0DA3DA3AEC3}.Debug|ARM.ActiveCfg = Debug|Win32
		{5EE2F204-B321-4132-94B9-D0DA3DA3AEC3}.Debug|ARM64.ActiveCfg = Debug|Win32
		{5EE2F204-B321-4132-94B9-D0DA3DA3AEC3}.Debug|x64.ActiveCfg = Debug|x64
		{5EE2F204-B321-4132-94B9-D0DA3DA3AEC3}.Debug|x64.Build.0 = Debug|x64
		{5EE2F204-B321-4132-94B9-D0DA3DA3AEC3}.Debug|x86.ActiveCfg = Debug|Win32
		{5EE2F204-B321-4132-94B9-D0DA3DA3AEC3}.Debug|x86.Build.0 = Debug|Win32
		{5EE2F204-B321-4132-94B9-D0DA3DA3AEC3}.Release|ARM.ActiveCfg = Release|Win32
		{5EE2F204-B321-4132-94B9-D0DA3DA3AEC3}.Release|ARM64.ActiveCfg = Release|Win32
		{5EE2F204-B321-4132-94B9-D0DA3DA3AEC3}.Release|x64.ActiveCfg = Release|x64
		{5EE2F204-B321-4132-94B9-D0DA3DA3AEC3}.Release|x64.Build.0 = Release|x64
		{5EE2F204-B321-4132-94B9-D0DA3DA3AEC3}.Release|x86.ActiveCfg = Release|Win32
		{5EE2F204-B321-4132-94B9-D0DA3DA3AEC3}.Release|x86.Build.0 = Release|Win32
		{5EB036A5-2D62-4A4C-AB1D-874CD38C27CB}.Debug|ARM.ActiveCfg = Debug|Win32
		{5EB036A5-2D62-4A4C-AB1D-874CD38C27CB}.Debug|ARM64.ActiveCfg = Debug|Win32
		{5EB036A5-2D62-4A4C-AB1D-874CD38C27CB}.Debug|x64.ActiveCfg = Debug|x64
		{5EB036A5-2D62-4A4C-AB1D-874CD38C27CB}.Debug|x64.Build.0 = Debug|x64
		{5EB036A5-2D62-4A4C-AB1D-874CD38C27CB}.Debug|x86.ActiveCfg = Debug|Win32
		{5EB036A5-2D62-4A4C-AB1D-874CD38C27CB}.Debug|x86.Build.0 = Debug|Win32
		{5EB036A5-2D62-4A4C-AB1D-874CD38C27CB}.Release|ARM.ActiveCfg = Release|Win32
		{5EB036A5-2D62-4A4C-AB1D-874CD38C27CB}.Release|ARM64.ActiveCfg = Release|Win32
		{5EB036A5-2D62-4A4C-AB1D-874CD38C27CB}.Release|x64.ActiveCfg = Release|x64
		{5EB036A5-2D62-4A4C-AB1D-874CD38C27CB}.Release|x64.Build.0 = Release|x64
		{5EB036A5-2D62-4A4C-AB1D-874CD38C27CB}.Release|x86.ActiveCfg = Release|Win32
		{5EB036A5-2D62-4A4C-AB1D-874CD38C27CB}.Release|x86.Build.0 = Release|Win32
		{CCF45C5D-62FB-421C-B09A-6CB6A81EEDBA}.Debug|ARM.ActiveCfg = Debug|Win32
		{CCF45C5D-62FB-421C-B09A-6CB6A81EEDBA}.Debug|ARM64.ActiveCfg = Debug|Win32
		{CCF45C5D-62FB-421C-B09A-6CB6A81EEDBA}.Debug|x64.ActiveCfg = Debug|x64
		{CCF45C5D-62FB-421C-B09A-6CB6A81EEDBA}.Debug|x64.Build.0 = Debug|x64
		{CCF45C5D-62FB-421C-B09A-6CB6A81EEDBA}.Debug|x86.ActiveCfg = Debug|Win32
		{CCF45C5D-62FB-421C-B09A-6CB6A81EEDBA}.Debug|x86.Build.0 = Debug|Win32
		{CCF45C5D-62FB-421C-B09A-6CB6A81EEDBA}.Release|ARM.ActiveCfg = Release|Win32
		{CCF45C5D-62FB-421C-B09A-6CB6A81EEDBA}.Release|ARM64.ActiveCfg = Release|Win32
		{CCF45C5D-62FB-421C-B09A-6CB6A81EEDBA}.Release|x64.ActiveCfg = Release|x64
		{CCF45C5D-62FB-421C-B09A-6CB6A81EEDBA}.Release|x64.Build.0 = Release|x64
		{CCF45C5D-62FB-421C-B09A-6CB6A81EEDBA}.Release|x86.ActiveCfg = Release|Win32
		{CCF45C5D-62FB-421C-B09A-6CB6A81EEDBA}.Release|x86.Build.0 = Release|Win32
		{5E6E9743-DD17-40AE-827B-F4F97E71A57D}.Debug|ARM.ActiveCfg = Debug|Win32
		{5E6E9743-DD17-40AE-827B-F4F97E71A57D}.Debug|ARM64.ActiveCfg = Debug|Win32
		{5E6E9743-DD17-40AE-827B-F4F97E71A57D}.Debug|x64.ActiveCfg = Debug|x64
		{5E6E9743-DD17-40AE-827B-F4F97E71A57D}.Debug|x64.Build.0 = Debug|x64
		{5E6E9743-DD17-40AE-827B-F4F97E71A57D}.Debug|x86.ActiveCfg = Debug|Win32
		{5E6E9743-DD17-40AE-827B-F4F97E71A57D}.Debug|x86.Build.0 = Debug|Win32
		{5E6E9743-DD17-40AE-827B-F4F97E71A57D}.Release|ARM.ActiveCfg = Release|Win32
		{5E6E9743-DD17-40AE-827B-F4F97E71A57D}.Release|ARM64.ActiveCfg = Release|Win32
		{5E6E9743-DD17-40AE-827B-F4F97E71A57D}.Release|x64.ActiveCfg = Release|x64
		{5E6E9743-DD17-40AE-827B-F4F97E71A57D}.Release|x64.Build.0 = Release|x64
		{5E6E9743-DD17-40AE-827B-F4F97E71A57D}.Release|x86.ActiveCfg = Release|Win32
		{5E6E9743-DD17-40AE-827B-F4F97E71A57D}.Release|x86.Build.0 = Release|Win32
		{1EC10D0E-C7AB-4F5A-A8CA-08F08CA435E4}.Debug|ARM.ActiveCfg = Debug|Win32
		{1EC10D0E-C7AB-4F5A-A8CA-08F08CA435E4}.Debug|ARM64.ActiveCfg = Debug|Win32
		{1EC10D0E-C7AB-4F5A-A8CA-08F08CA435E4}.Debug|x64.ActiveCfg = Debug|x64
		{1EC10D0E-C7AB-4F5A-A8CA-08F08CA435E4}.Debug|x64.Build.0 = Debug|x64
		{1EC10D0E-C7AB-4F5A-A8CA-08F08CA435E4}.Debug|x86.ActiveCfg = Debug|Win32
		{1EC10D0E-C7AB-4F5A-A8CA-08F08CA435E4}.Debug|x86.Build.0 = Debug|Win32
		{1EC10D0E-C7AB-4F5A-A8CA-08F08CA435E4}.Release|ARM.ActiveCfg = Release|Win32
		{1EC10D0E-C7AB-4F5A-A8CA-08F08CA435E4}.Release|ARM64.ActiveCfg = Release|Win32
		{1EC10D0E-C7AB-4F5A-A8CA-08F08CA435E4}.Release|x64.ActiveCfg = Release|x64
		{1EC10D0E-C7AB-4F5A-A8CA-08F08CA435E4}.Release|x64.Build.0 = Release|x64
		{1EC10D0E-C7AB-4F5A-A8CA-08F08CA435E4}.Release|x86.ActiveCfg = Release|Win32
		{1EC10D0E-C7AB-4F5A-A8CA-08F08CA435E4}.Release|x86.Build.0 = Release|Win32
		{DC89B19A-0FF3-4632-9E49-4AC5149B20C7}.Debug|ARM.ActiveCfg = Debug|Win32
		{DC89B19A-0FF3-4632-9E49-4AC5149B20C7}.Debug|ARM64.ActiveCfg = Debug|Win32
		{DC89B19A-0FF3-4632-9E49-4AC5149B20C7}.Debug|x64.ActiveCfg = Debug|x64
		{DC89B19A-0FF3-4632-9E49-4AC5149B20C7}.Debug|x64.Build.0 = Debug|x64
		{DC89B19A-0FF3-4632-9E49-4AC5149B20C7}.Debug|x86.ActiveCfg = Debug|Win32
		{DC89B19A-0FF3-4632-9E49-4AC5149B20C7}.Debug|x86.Build.0 = Debug|Win32
		{DC89B19A-0FF3-4632-9E49-4AC5149B20C7}.Release|ARM.ActiveCfg = Release|Win32
		{DC89B19A-0FF3-4632-9E49-4AC5149B20C7}.Release|ARM64.ActiveCfg = Release|Win32
		{DC89B19A-0FF3-4632-9E49-4AC5149B20C7}.Release|x64.ActiveCfg = Release|x64
		{DC89B19A-0FF3-4632-9E49-4AC5149B20C7}.Release|x64.Build.0 = Release|x64
		{DC89B19A-0FF3-4632-9E49-4AC5149B20C7}.Release|x86.ActiveCfg = Release|Win32
		{DC89B19A-0FF3-4632-9E49-4AC5149B20C7}.Release|x86.Build.0 = Release|Win32
		{F499106A-135E-4181-939D-54B8DD69F9D4}.Debug|ARM.ActiveCfg = Debug|ARM
		{F499106A-135E-4181-939D-54B8DD69F9D4}.Debug|ARM.Build.0 = Debug|ARM
		{F499106A-135E-4181-939D-54B8DD69F9D4}.Debug|ARM.Deploy.0 = Debug|ARM
		{F499106A-135E-4181-939D-54B8DD69F9D4}.Debug|ARM64.ActiveCfg = Debug|ARM64
		{F499106A-135E-4181-939D-54B8DD69F9D4}.Debug|ARM64.Build.0 = Debug|ARM64
		{F499106A-135E-4181-939D-54B8DD69F9D4}.Debug|ARM64.Deploy.0 = Debug|ARM64
		{F499106A-135E-4181-939D-54B8DD69F9D4}.Debug|x64.ActiveCfg = Debug|x64
		{F499106A-135E-4181-939D-54B8DD69F9D4}.Debug|x64.Build.0 = Debug|x64
		{F499106A-135E-4181-939D-54B8DD69F9D4}.Debug|x64.Deploy.0 = Debug|x64
		{F499106A-135E-4181-939D-54B8DD69F9D4}.Debug|x86.ActiveCfg = Debug|x86
		{F499106A-135E-4181-939D-54B8DD69F9D4}.Debug|x86.Build.0 = Debug|x86
		{F499106A-135E-4181-939D-54B8DD69F9D4}.Debug|x86.Deploy.0 = Debug|x86
		{F499106A-135E-4181-939D-54B8DD69F9D4}.Release|ARM.ActiveCfg = Release|ARM
		{F499106A-135E-4181-939D-54B8DD69F9D4}.Release|ARM.Build.0 = Release|ARM
		{F499106A-135E-4181-939D-54B8DD69F9D4}.Release|ARM.Deploy.0 = Release|ARM
		{F499106A-135E-4181-939D-54B8DD69F9D4}.Release|ARM64.ActiveCfg = Release|ARM64
		{F499106A-135E-4181-939D-54B8DD69F9D4}.Release|ARM64.Build.0 = Release|ARM64
		{F499106A-135E-4181-939D-54B8DD69F9D4}.Release|ARM64.Deploy.0 = Release|ARM64
		{F499106A-135E-4181-939D-54B8DD69F9D4}.Release|x64.ActiveCfg = Release|x64
		{F499106A-135E-4181-939D-54B8DD69F9D4}.Release|x64.Build.0 = Release|x64
		{F499106A-135E-4181-939D-54B8DD69F9D4}.Release|x64.Deploy.0 = Release|x64
		{F499106A-135E-4181-939D-54B8DD69F9D4}.Release|x86.ActiveCfg = Release|x86
		{F499106A-135E-4181-939D-54B8DD69F9D4}.Release|x86.Build.0 = Release|x86
		{F499106A-135E-4181-939D-54B8DD69F9D4}.Release|x86.Deploy.0 = Release|x86
		{363C7468-8FB5-4055-ACDB-6DD4085B96A6}.Debug|ARM.ActiveCfg = Debug|ARM
		{363C7468-8FB5-4055-ACDB-6DD4085B96A6}.Debug|ARM.Build.0 = Debug|ARM
		{363C7468-8FB5-4055-ACDB-6DD4085B96A6}.Debug|ARM.Deploy.0 = Debug|ARM
		{363C7468-8FB5-4055-ACDB-6DD4085B96A6}.Debug|ARM64.ActiveCfg = Debug|ARM64
		{363C7468-8FB5-4055-ACDB-6DD4085B96A6}.Debug|ARM64.Build.0 = Debug|ARM64
		{363C7468-8FB5-4055-ACDB-6DD4085B96A6}.Debug|ARM64.Deploy.0 = Debug|ARM64
		{363C7468-8FB5-4055-ACDB-6DD4085B96A6}.Debug|x64.ActiveCfg = Debug|x64
		{363C7468-8FB5-4055-ACDB-6DD4085B96A6}.Debug|x64.Build.0 = Debug|x64
		{363C7468-8FB5-4055-ACDB-6DD4085B96A6}.Debug|x64.Deploy.0 = Debug|x64
		{363C7468-8FB5-4055-ACDB-6DD4085B96A6}.Debug|x86.ActiveCfg = Debug|x86
		{363C7468-8FB5-4055-ACDB-6DD4085B96A6}.Debug|x86.Build.0 = Debug|x86
		{363C7468-8FB5-4055-ACDB-6DD4085B96A6}.Debug|x86.Deploy.0 = Debug|x86
		{363C7468-8FB5-4055-ACDB-6DD4085B96A6}.Release|ARM.ActiveCfg = Release|ARM
		{363C7468-8FB5-4055-ACDB-6DD4085B96A6}.Release|ARM.Build.0 = Release|ARM
		{363C7468-8FB5-4055-ACDB-6DD4085B96A6}.Release|ARM.Deploy.0 = Release|ARM
		{363C7468-8FB5-4055-ACDB-6DD4085B96A6}.Release|ARM64.ActiveCfg = Release|ARM64
		{363C7468-8FB5-4055-ACDB-6DD4085B96A6}.Release|ARM64.Build.0 = Release|ARM64
		{363C7468-8FB5-4055-ACDB-6DD4085B96A6}.Release|ARM64.Deploy.0 = Release|ARM64
		{363C7468-8FB5-4055-ACDB-6DD4085B96A6}.Release|x64.ActiveCfg = Release|x64
		{363C7468-8FB5-4055-ACDB-6DD4085B96A6}.Release|x64.Build.0 = Release|x64
		{363C7468-8FB5-4055-ACDB-6DD4085B96A6}.Release|x64.Deploy.0 = Release|x64
		{363C7468-8FB5-4055-ACDB-6DD4085B96A6}.Release|x86.ActiveCfg = Release|x86
		{363C7468-8FB5-4055-ACDB-6DD4085B96A6}.Release|x86.Build.0 = Release|x86
		{363C7468-8FB5-4055-ACDB-6DD4085B96A6}.Release|x86.Deploy.0 = Release|x86
	EndGlobalSection
	GlobalSection(SolutionProperties) = preSolution
		HideSolutionNode = FALSE
	EndGlobalSection
	GlobalSection(ExtensibilityGlobals) = postSolution
		SolutionGuid = {22DA83CF-5A25-4A76-A0B1-05F4DCA8E69A}
	EndGlobalSection
EndGlobal
